
Microsoft Visual Studio Solution File, Format Version 12.00
# Visual Studio Version 17
VisualStudioVersion = 17.1.31903.286
MinimumVisualStudioVersion = 10.0.40219.1
Project("{FAE04EC0-301F-11D3-BF4B-00C04F79EFBC}") = "Contacts", "Contacts\Contacts.csproj", "{AA912C37-CC72-49E0-9CA9-02F20F13F765}"
EndProject
Global
	GlobalSection(SolutionConfigurationPlatforms) = preSolution
		Debug|Any CPU = Debug|Any CPU
		Release|Any CPU = Release|Any CPU
	EndGlobalSection
	GlobalSection(ProjectConfigurationPlatforms) = postSolution
		{AA912C37-CC72-49E0-9CA9-02F20F13F765}.Debug|Any CPU.ActiveCfg = Debug|Any CPU
		{AA912C37-CC72-49E0-9CA9-02F20F13F765}.Debug|Any CPU.Build.0 = Debug|Any CPU
		{AA912C37-CC72-49E0-9CA9-02F20F13F765}.Release|Any CPU.ActiveCfg = Release|Any CPU
		{AA912C37-CC72-49E0-9CA9-02F20F13F765}.Release|Any CPU.Build.0 = Release|Any CPU
	EndGlobalSection
	GlobalSection(SolutionProperties) = preSolution
		HideSolutionNode = FALSE
	EndGlobalSection
	GlobalSection(ExtensibilityGlobals) = postSolution
		SolutionGuid = {A9587E83-F7B3-44A0-BDDB-F99B676A5159}
	EndGlobalSection
EndGlobal
